
Microsoft Visual Studio Solution File, Format Version 12.00
# Visual Studio 15
VisualStudioVersion = 15.0.27130.2027
MinimumVisualStudioVersion = 10.0.40219.1
Project("{8BC9CEB8-8B4A-11D0-8D11-00A0C91BC942}") = "Client", "Client\Client.vcxproj", "{5D6515F6-7741-4523-B295-75E3E0199012}"
EndProject
Project("{8BC9CEB8-8B4A-11D0-8D11-00A0C91BC942}") = "Server", "Server\Server.vcxproj", "{A5A80C8C-B47F-4526-9578-676F5B777EF4}"
EndProject
Global
	GlobalSection(SolutionConfigurationPlatforms) = preSolution
		Debug|x64 = Debug|x64
		Debug|x86 = Debug|x86
		Release|x64 = Release|x64
		Release|x86 = Release|x86
	EndGlobalSection
	GlobalSection(ProjectConfigurationPlatforms) = postSolution
		{5D6515F6-7741-4523-B295-75E3E0199012}.Debug|x64.ActiveCfg = Debug|x64
		{5D6515F6-7741-4523-B295-75E3E0199012}.Debug|x64.Build.0 = Debug|x64
		{5D6515F6-7741-4523-B295-75E3E0199012}.Debug|x86.ActiveCfg = Debug|Win32
		{5D6515F6-7741-4523-B295-75E3E0199012}.Debug|x86.Build.0 = Debug|Win32
		{5D6515F6-7741-4523-B295-75E3E0199012}.Release|x64.ActiveCfg = Release|x64
		{5D6515F6-7741-4523-B295-75E3E0199012}.Release|x64.Build.0 = Release|x64
		{5D6515F6-7741-4523-B295-75E3E0199012}.Release|x86.ActiveCfg = Release|Win32
		{5D6515F6-7741-4523-B295-75E3E0199012}.Release|x86.Build.0 = Release|Win32
		{A5A80C8C-B47F-4526-9578-676F5B777EF4}.Debug|x64.ActiveCfg = Debug|x64
		{A5A80C8C-B47F-4526-9578-676F5B777EF4}.Debug|x64.Build.0 = Debug|x64
		{A5A80C8C-B47F-4526-9578-676F5B777EF4}.Debug|x86.ActiveCfg = Debug|Win32
		{A5A80C8C-B47F-4526-9578-676F5B777EF4}.Debug|x86.Build.0 = Debug|Win32
		{A5A80C8C-B47F-4526-9578-676F5B777EF4}.Release|x64.ActiveCfg = Release|x64
		{A5A80C8C-B47F-4526-9578-676F5B777EF4}.Release|x64.Build.0 = Release|x64
		{A5A80C8C-B47F-4526-9578-676F5B777EF4}.Release|x86.ActiveCfg = Release|Win32
		{A5A80C8C-B47F-4526-9578-676F5B777EF4}.Release|x86.Build.0 = Release|Win32
	EndGlobalSection
	GlobalSection(SolutionProperties) = preSolution
		HideSolutionNode = FALSE
	EndGlobalSection
	GlobalSection(ExtensibilityGlobals) = postSolution
		SolutionGuid = {A8B1E19E-E2D4-4834-86C5-EA5A377F9719}
	EndGlobalSection
EndGlobal
